
Microsoft Visual Studio Solution File, Format Version 12.00
# Visual Studio Version 16
VisualStudioVersion = 16.0.29911.84
MinimumVisualStudioVersion = 10.0.40219.1
Project("{FAE04EC0-301F-11D3-BF4B-00C04F79EFBC}") = "PeSD", "PeSD\PeSD.csproj", "{AD2B9984-E840-4341-BDC0-D3CAD363027D}"
EndProject
Global
	GlobalSection(SolutionConfigurationPlatforms) = preSolution
		Debug|Any CPU = Debug|Any CPU
		Release|Any CPU = Release|Any CPU
	EndGlobalSection
	GlobalSection(ProjectConfigurationPlatforms) = postSolution
		{AD2B9984-E840-4341-BDC0-D3CAD363027D}.Debug|Any CPU.ActiveCfg = Debug|Any CPU
		{AD2B9984-E840-4341-BDC0-D3CAD363027D}.Debug|Any CPU.Build.0 = Debug|Any CPU
		{AD2B9984-E840-4341-BDC0-D3CAD363027D}.Release|Any CPU.ActiveCfg = Release|Any CPU
		{AD2B9984-E840-4341-BDC0-D3CAD363027D}.Release|Any CPU.Build.0 = Release|Any CPU
	EndGlobalSection
	GlobalSection(SolutionProperties) = preSolution
		HideSolutionNode = FALSE
	EndGlobalSection
	GlobalSection(ExtensibilityGlobals) = postSolution
		SolutionGuid = {3C7FF731-9BD2-475F-AB2F-404E38768AFB}
	EndGlobalSection
EndGlobal
